
Microsoft Visual Studio Solution File, Format Version 10.00
# Visual Studio 2008
Project("{8BC9CEB8-8B4A-11D0-8D11-00A0C91BC942}") = "M8Weibo", "M8Weibo\M8Weibo.vcproj", "{A5D0CDA6-B3D4-4CAB-8816-9030F2B32F0E}"
EndProject
Project("{2150E333-8FDC-42A3-9474-1A3956D46DE8}") = "lib", "lib", "{2232ED00-AA23-4883-9699-2C59828133F7}"
EndProject
Project("{8BC9CEB8-8B4A-11D0-8D11-00A0C91BC942}") = "wbParserCE", "..\sae-client\Weibo.sdk\WBParseWrapper\wbParserCE\wbParserCE.vcproj", "{13AA141B-A8D7-4227-A9D6-1C2881E67A49}"
EndProject
Project("{8BC9CEB8-8B4A-11D0-8D11-00A0C91BC942}") = "libWeiboCE", "..\sae-client\Weibo.sdk\WeiBo SDK\libWeiboCE\libWeiboCE.vcproj", "{E621678F-68E8-43CD-AF73-0B7B5B3FF2D0}"
EndProject
Project("{2150E333-8FDC-42A3-9474-1A3956D46DE8}") = "解决方案项目", "解决方案项目", "{60DE8D06-D444-48F1-B768-7A24665EEA3A}"
EndProject
Global
	GlobalSection(SolutionConfigurationPlatforms) = preSolution
		Debug|M8SDK (ARMV4I) = Debug|M8SDK (ARMV4I)
		DLL Debug|M8SDK (ARMV4I) = DLL Debug|M8SDK (ARMV4I)
		DLL Release|M8SDK (ARMV4I) = DLL Release|M8SDK (ARMV4I)
		Release|M8SDK (ARMV4I) = Release|M8SDK (ARMV4I)
	EndGlobalSection
	GlobalSection(ProjectConfigurationPlatforms) = postSolution
		{A5D0CDA6-B3D4-4CAB-8816-9030F2B32F0E}.Debug|M8SDK (ARMV4I).ActiveCfg = Debug|M8SDK (ARMV4I)
		{A5D0CDA6-B3D4-4CAB-8816-9030F2B32F0E}.Debug|M8SDK (ARMV4I).Build.0 = Debug|M8SDK (ARMV4I)
		{A5D0CDA6-B3D4-4CAB-8816-9030F2B32F0E}.Debug|M8SDK (ARMV4I).Deploy.0 = Debug|M8SDK (ARMV4I)
		{A5D0CDA6-B3D4-4CAB-8816-9030F2B32F0E}.DLL Debug|M8SDK (ARMV4I).ActiveCfg = Debug|M8SDK (ARMV4I)
		{A5D0CDA6-B3D4-4CAB-8816-9030F2B32F0E}.DLL Debug|M8SDK (ARMV4I).Build.0 = Debug|M8SDK (ARMV4I)
		{A5D0CDA6-B3D4-4CAB-8816-9030F2B32F0E}.DLL Debug|M8SDK (ARMV4I).Deploy.0 = Debug|M8SDK (ARMV4I)
		{A5D0CDA6-B3D4-4CAB-8816-9030F2B32F0E}.DLL Release|M8SDK (ARMV4I).ActiveCfg = Release|M8SDK (ARMV4I)
		{A5D0CDA6-B3D4-4CAB-8816-9030F2B32F0E}.DLL Release|M8SDK (ARMV4I).Build.0 = Release|M8SDK (ARMV4I)
		{A5D0CDA6-B3D4-4CAB-8816-9030F2B32F0E}.DLL Release|M8SDK (ARMV4I).Deploy.0 = Release|M8SDK (ARMV4I)
		{A5D0CDA6-B3D4-4CAB-8816-9030F2B32F0E}.Release|M8SDK (ARMV4I).ActiveCfg = Release|M8SDK (ARMV4I)
		{A5D0CDA6-B3D4-4CAB-8816-9030F2B32F0E}.Release|M8SDK (ARMV4I).Build.0 = Release|M8SDK (ARMV4I)
		{A5D0CDA6-B3D4-4CAB-8816-9030F2B32F0E}.Release|M8SDK (ARMV4I).Deploy.0 = Release|M8SDK (ARMV4I)
		{13AA141B-A8D7-4227-A9D6-1C2881E67A49}.Debug|M8SDK (ARMV4I).ActiveCfg = DLL Debug|M8SDK (ARMV4I)
		{13AA141B-A8D7-4227-A9D6-1C2881E67A49}.Debug|M8SDK (ARMV4I).Build.0 = DLL Debug|M8SDK (ARMV4I)
		{13AA141B-A8D7-4227-A9D6-1C2881E67A49}.Debug|M8SDK (ARMV4I).Deploy.0 = DLL Debug|M8SDK (ARMV4I)
		{13AA141B-A8D7-4227-A9D6-1C2881E67A49}.DLL Debug|M8SDK (ARMV4I).ActiveCfg = DLL Debug|M8SDK (ARMV4I)
		{13AA141B-A8D7-4227-A9D6-1C2881E67A49}.DLL Debug|M8SDK (ARMV4I).Build.0 = DLL Debug|M8SDK (ARMV4I)
		{13AA141B-A8D7-4227-A9D6-1C2881E67A49}.DLL Debug|M8SDK (ARMV4I).Deploy.0 = DLL Debug|M8SDK (ARMV4I)
		{13AA141B-A8D7-4227-A9D6-1C2881E67A49}.DLL Release|M8SDK (ARMV4I).ActiveCfg = DLL Release|M8SDK (ARMV4I)
		{13AA141B-A8D7-4227-A9D6-1C2881E67A49}.DLL Release|M8SDK (ARMV4I).Build.0 = DLL Release|M8SDK (ARMV4I)
		{13AA141B-A8D7-4227-A9D6-1C2881E67A49}.DLL Release|M8SDK (ARMV4I).Deploy.0 = DLL Release|M8SDK (ARMV4I)
		{13AA141B-A8D7-4227-A9D6-1C2881E67A49}.Release|M8SDK (ARMV4I).ActiveCfg = DLL Release|M8SDK (ARMV4I)
		{13AA141B-A8D7-4227-A9D6-1C2881E67A49}.Release|M8SDK (ARMV4I).Build.0 = DLL Release|M8SDK (ARMV4I)
		{13AA141B-A8D7-4227-A9D6-1C2881E67A49}.Release|M8SDK (ARMV4I).Deploy.0 = DLL Release|M8SDK (ARMV4I)
		{E621678F-68E8-43CD-AF73-0B7B5B3FF2D0}.Debug|M8SDK (ARMV4I).ActiveCfg = DLL Debug|M8SDK (ARMV4I)
		{E621678F-68E8-43CD-AF73-0B7B5B3FF2D0}.Debug|M8SDK (ARMV4I).Build.0 = DLL Debug|M8SDK (ARMV4I)
		{E621678F-68E8-43CD-AF73-0B7B5B3FF2D0}.Debug|M8SDK (ARMV4I).Deploy.0 = DLL Debug|M8SDK (ARMV4I)
		{E621678F-68E8-43CD-AF73-0B7B5B3FF2D0}.DLL Debug|M8SDK (ARMV4I).ActiveCfg = DLL Debug|M8SDK (ARMV4I)
		{E621678F-68E8-43CD-AF73-0B7B5B3FF2D0}.DLL Debug|M8SDK (ARMV4I).Build.0 = DLL Debug|M8SDK (ARMV4I)
		{E621678F-68E8-43CD-AF73-0B7B5B3FF2D0}.DLL Debug|M8SDK (ARMV4I).Deploy.0 = DLL Debug|M8SDK (ARMV4I)
		{E621678F-68E8-43CD-AF73-0B7B5B3FF2D0}.DLL Release|M8SDK (ARMV4I).ActiveCfg = DLL Release|M8SDK (ARMV4I)
		{E621678F-68E8-43CD-AF73-0B7B5B3FF2D0}.DLL Release|M8SDK (ARMV4I).Build.0 = DLL Release|M8SDK (ARMV4I)
		{E621678F-68E8-43CD-AF73-0B7B5B3FF2D0}.DLL Release|M8SDK (ARMV4I).Deploy.0 = DLL Release|M8SDK (ARMV4I)
		{E621678F-68E8-43CD-AF73-0B7B5B3FF2D0}.Release|M8SDK (ARMV4I).ActiveCfg = DLL Release|M8SDK (ARMV4I)
		{E621678F-68E8-43CD-AF73-0B7B5B3FF2D0}.Release|M8SDK (ARMV4I).Build.0 = DLL Release|M8SDK (ARMV4I)
		{E621678F-68E8-43CD-AF73-0B7B5B3FF2D0}.Release|M8SDK (ARMV4I).Deploy.0 = DLL Release|M8SDK (ARMV4I)
	EndGlobalSection
	GlobalSection(SolutionProperties) = preSolution
		HideSolutionNode = FALSE
	EndGlobalSection
	GlobalSection(NestedProjects) = preSolution
		{13AA141B-A8D7-4227-A9D6-1C2881E67A49} = {2232ED00-AA23-4883-9699-2C59828133F7}
		{E621678F-68E8-43CD-AF73-0B7B5B3FF2D0} = {2232ED00-AA23-4883-9699-2C59828133F7}
	EndGlobalSection
EndGlobal
